
Microsoft Visual Studio Solution File, Format Version 12.00
# Visual Studio Version 17
VisualStudioVersion = 17.12.35707.178 d17.12
MinimumVisualStudioVersion = 10.0.40219.1
Project("{FAE04EC0-301F-11D3-BF4B-00C04F79EFBC}") = "AccessModifier", "AccessModifier\AccessModifier.csproj", "{4A0F0EB2-B54C-4105-AAA8-CD861BEC0358}"
EndProject
Project("{FAE04EC0-301F-11D3-BF4B-00C04F79EFBC}") = "AccessDemo2", "AccessDemo2\AccessDemo2.csproj", "{548FB0A1-5D32-40BB-8566-3237418F07B1}"
EndProject
Global
	GlobalSection(SolutionConfigurationPlatforms) = preSolution
		Debug|Any CPU = Debug|Any CPU
		Release|Any CPU = Release|Any CPU
	EndGlobalSection
	GlobalSection(ProjectConfigurationPlatforms) = postSolution
		{4A0F0EB2-B54C-4105-AAA8-CD861BEC0358}.Debug|Any CPU.ActiveCfg = Debug|Any CPU
		{4A0F0EB2-B54C-4105-AAA8-CD861BEC0358}.Debug|Any CPU.Build.0 = Debug|Any CPU
		{4A0F0EB2-B54C-4105-AAA8-CD861BEC0358}.Release|Any CPU.ActiveCfg = Release|Any CPU
		{4A0F0EB2-B54C-4105-AAA8-CD861BEC0358}.Release|Any CPU.Build.0 = Release|Any CPU
		{548FB0A1-5D32-40BB-8566-3237418F07B1}.Debug|Any CPU.ActiveCfg = Debug|Any CPU
		{548FB0A1-5D32-40BB-8566-3237418F07B1}.Debug|Any CPU.Build.0 = Debug|Any CPU
		{548FB0A1-5D32-40BB-8566-3237418F07B1}.Release|Any CPU.ActiveCfg = Release|Any CPU
		{548FB0A1-5D32-40BB-8566-3237418F07B1}.Release|Any CPU.Build.0 = Release|Any CPU
	EndGlobalSection
	GlobalSection(SolutionProperties) = preSolution
		HideSolutionNode = FALSE
	EndGlobalSection
EndGlobal
