
Microsoft Visual Studio Solution File, Format Version 12.00
# Visual Studio Version 17
VisualStudioVersion = 17.13.35919.96 d17.13
MinimumVisualStudioVersion = 10.0.40219.1
Project("{FAE04EC0-301F-11D3-BF4B-00C04F79EFBC}") = "Deconstructors", "Deconstructors\Deconstructors.csproj", "{E4F234FB-DE2A-4C62-AF85-0D1EC04A326F}"
EndProject
Global
	GlobalSection(SolutionConfigurationPlatforms) = preSolution
		Debug|Any CPU = Debug|Any CPU
		Release|Any CPU = Release|Any CPU
	EndGlobalSection
	GlobalSection(ProjectConfigurationPlatforms) = postSolution
		{E4F234FB-DE2A-4C62-AF85-0D1EC04A326F}.Debug|Any CPU.ActiveCfg = Debug|Any CPU
		{E4F234FB-DE2A-4C62-AF85-0D1EC04A326F}.Debug|Any CPU.Build.0 = Debug|Any CPU
		{E4F234FB-DE2A-4C62-AF85-0D1EC04A326F}.Release|Any CPU.ActiveCfg = Release|Any CPU
		{E4F234FB-DE2A-4C62-AF85-0D1EC04A326F}.Release|Any CPU.Build.0 = Release|Any CPU
	EndGlobalSection
	GlobalSection(SolutionProperties) = preSolution
		HideSolutionNode = FALSE
	EndGlobalSection
	GlobalSection(ExtensibilityGlobals) = postSolution
		SolutionGuid = {C40B6135-24B1-4FC6-AD57-0789C3F41F84}
	EndGlobalSection
EndGlobal
