
Microsoft Visual Studio Solution File, Format Version 12.00
# Visual Studio Version 17
VisualStudioVersion = 17.13.35919.96 d17.13
MinimumVisualStudioVersion = 10.0.40219.1
Project("{FAE04EC0-301F-11D3-BF4B-00C04F79EFBC}") = "ErrorException", "ErrorException\ErrorException.csproj", "{4906C3BC-E013-44BF-884E-733B81AE128F}"
EndProject
Global
	GlobalSection(SolutionConfigurationPlatforms) = preSolution
		Debug|Any CPU = Debug|Any CPU
		Release|Any CPU = Release|Any CPU
	EndGlobalSection
	GlobalSection(ProjectConfigurationPlatforms) = postSolution
		{4906C3BC-E013-44BF-884E-733B81AE128F}.Debug|Any CPU.ActiveCfg = Debug|Any CPU
		{4906C3BC-E013-44BF-884E-733B81AE128F}.Debug|Any CPU.Build.0 = Debug|Any CPU
		{4906C3BC-E013-44BF-884E-733B81AE128F}.Release|Any CPU.ActiveCfg = Release|Any CPU
		{4906C3BC-E013-44BF-884E-733B81AE128F}.Release|Any CPU.Build.0 = Release|Any CPU
	EndGlobalSection
	GlobalSection(SolutionProperties) = preSolution
		HideSolutionNode = FALSE
	EndGlobalSection
	GlobalSection(ExtensibilityGlobals) = postSolution
		SolutionGuid = {5A8E8676-90A1-4F20-8226-CB3FDEE80F4D}
	EndGlobalSection
EndGlobal
